
Microsoft Visual Studio Solution File, Format Version 12.00
# Visual Studio 2012
Project("{FAE04EC0-301F-11D3-BF4B-00C04F79EFBC}") = "ttaudio", "ttaudio\ttaudio.csproj", "{CB61C2DA-4900-4106-AFCC-7137BF8C3936}"
EndProject
Project("{FAE04EC0-301F-11D3-BF4B-00C04F79EFBC}") = "ttaenc", "ttaenc\ttaenc.csproj", "{D9C2DA4F-A932-46A4-B3CF-84DAD0CE769A}"
EndProject
Global
	GlobalSection(SolutionConfigurationPlatforms) = preSolution
		Debug|x86 = Debug|x86
		Release|x86 = Release|x86
	EndGlobalSection
	GlobalSection(ProjectConfigurationPlatforms) = postSolution
		{CB61C2DA-4900-4106-AFCC-7137BF8C3936}.Debug|x86.ActiveCfg = Debug|x86
		{CB61C2DA-4900-4106-AFCC-7137BF8C3936}.Debug|x86.Build.0 = Debug|x86
		{CB61C2DA-4900-4106-AFCC-7137BF8C3936}.Release|x86.ActiveCfg = Release|x86
		{CB61C2DA-4900-4106-AFCC-7137BF8C3936}.Release|x86.Build.0 = Release|x86
		{D9C2DA4F-A932-46A4-B3CF-84DAD0CE769A}.Debug|x86.ActiveCfg = Debug|x86
		{D9C2DA4F-A932-46A4-B3CF-84DAD0CE769A}.Debug|x86.Build.0 = Debug|x86
		{D9C2DA4F-A932-46A4-B3CF-84DAD0CE769A}.Release|x86.ActiveCfg = Release|x86
		{D9C2DA4F-A932-46A4-B3CF-84DAD0CE769A}.Release|x86.Build.0 = Release|x86
	EndGlobalSection
EndGlobal
